// !$*UTF8*$!
{
	archiveVersion = 1;
	classes = {
	};
	objectVersion = 56;
	objects = {

/* Begin PBXBuildFile section */
		E2D09BD12BA797E9004CBD1B /* MusicAppApp.swift in Sources */ = {isa = PBXBuildFile; fileRef = E2D09BD02BA797E9004CBD1B /* MusicAppApp.swift */; };
		E2D09BD32BA797E9004CBD1B /* ContentView.swift in Sources */ = {isa = PBXBuildFile; fileRef = E2D09BD22BA797E9004CBD1B /* ContentView.swift */; };
		E2D09BD52BA797E9004CBD1B /* Item.swift in Sources */ = {isa = PBXBuildFile; fileRef = E2D09BD42BA797E9004CBD1B /* Item.swift */; };
		E2D09BD72BA797EA004CBD1B /* Assets.xcassets in Resources */ = {isa = PBXBuildFile; fileRef = E2D09BD62BA797EA004CBD1B /* Assets.xcassets */; };
		E2D09BDB2BA797EA004CBD1B /* Preview Assets.xcassets in Resources */ = {isa = PBXBuildFile; fileRef = E2D09BDA2BA797EA004CBD1B /* Preview Assets.xcassets */; };
		E2D09BE52BA797EB004CBD1B /* MusicAppTests.swift in Sources */ = {isa = PBXBuildFile; fileRef = E2D09BE42BA797EB004CBD1B /* MusicAppTests.swift */; };
		E2D09BEF2BA797EB004CBD1B /* MusicAppUITests.swift in Sources */ = {isa = PBXBuildFile; fileRef = E2D09BEE2BA797EB004CBD1B /* MusicAppUITests.swift */; };
		E2D09BF12BA797EB004CBD1B /* MusicAppUITestsLaunchTests.swift in Sources */ = {isa = PBXBuildFile; fileRef = E2D09BF02BA797EB004CBD1B /* MusicAppUITestsLaunchTests.swift */; };
		E2D09BFE2BA916F3004CBD1B /* BlurEffect.swift in Sources */ = {isa = PBXBuildFile; fileRef = E2D09BFD2BA916F3004CBD1B /* BlurEffect.swift */; };
		E2D09C022BAA5FA5004CBD1B /* PlayerView.swift in Sources */ = {isa = PBXBuildFile; fileRef = E2D09C012BAA5FA5004CBD1B /* PlayerView.swift */; };
/* End PBXBuildFile section */

/* Begin PBXContainerItemProxy section */
		E2D09BE12BA797EB004CBD1B /* PBXContainerItemProxy */ = {
			isa = PBXContainerItemProxy;
			containerPortal = E2D09BC52BA797E8004CBD1B /* Project object */;
			proxyType = 1;
			remoteGlobalIDString = E2D09BCC2BA797E8004CBD1B;
			remoteInfo = MusicApp;
		};
		E2D09BEB2BA797EB004CBD1B /* PBXContainerItemProxy */ = {
			isa = PBXContainerItemProxy;
			containerPortal = E2D09BC52BA797E8004CBD1B /* Project object */;
			proxyType = 1;
			remoteGlobalIDString = E2D09BCC2BA797E8004CBD1B;
			remoteInfo = MusicApp;
		};
/* End PBXContainerItemProxy section */

/* Begin PBXFileReference section */
		E2D09BCD2BA797E8004CBD1B /* MusicApp.app */ = {isa = PBXFileReference; explicitFileType = wrapper.application; includeInIndex = 0; path = MusicApp.app; sourceTree = BUILT_PRODUCTS_DIR; };
		E2D09BD02BA797E9004CBD1B /* MusicAppApp.swift */ = {isa = PBXFileReference; lastKnownFileType = sourcecode.swift; path = MusicAppApp.swift; sourceTree = "<group>"; };
		E2D09BD22BA797E9004CBD1B /* ContentView.swift */ = {isa = PBXFileReference; lastKnownFileType = sourcecode.swift; path = ContentView.swift; sourceTree = "<group>"; };
		E2D09BD42BA797E9004CBD1B /* Item.swift */ = {isa = PBXFileReference; lastKnownFileType = sourcecode.swift; path = Item.swift; sourceTree = "<group>"; };
		E2D09BD62BA797EA004CBD1B /* Assets.xcassets */ = {isa = PBXFileReference; lastKnownFileType = folder.assetcatalog; path = Assets.xcassets; sourceTree = "<group>"; };
		E2D09BD82BA797EA004CBD1B /* MusicApp.entitlements */ = {isa = PBXFileReference; lastKnownFileType = text.plist.entitlements; path = MusicApp.entitlements; sourceTree = "<group>"; };
		E2D09BDA2BA797EA004CBD1B /* Preview Assets.xcassets */ = {isa = PBXFileReference; lastKnownFileType = folder.assetcatalog; path = "Preview Assets.xcassets"; sourceTree = "<group>"; };
		E2D09BE02BA797EB004CBD1B /* MusicAppTests.xctest */ = {isa = PBXFileReference; explicitFileType = wrapper.cfbundle; includeInIndex = 0; path = MusicAppTests.xctest; sourceTree = BUILT_PRODUCTS_DIR; };
		E2D09BE42BA797EB004CBD1B /* MusicAppTests.swift */ = {isa = PBXFileReference; lastKnownFileType = sourcecode.swift; path = MusicAppTests.swift; sourceTree = "<group>"; };
		E2D09BEA2BA797EB004CBD1B /* MusicAppUITests.xctest */ = {isa = PBXFileReference; explicitFileType = wrapper.cfbundle; includeInIndex = 0; path = MusicAppUITests.xctest; sourceTree = BUILT_PRODUCTS_DIR; };
		E2D09BEE2BA797EB004CBD1B /* MusicAppUITests.swift */ = {isa = PBXFileReference; lastKnownFileType = sourcecode.swift; path = MusicAppUITests.swift; sourceTree = "<group>"; };
		E2D09BF02BA797EB004CBD1B /* MusicAppUITestsLaunchTests.swift */ = {isa = PBXFileReference; lastKnownFileType = sourcecode.swift; path = MusicAppUITestsLaunchTests.swift; sourceTree = "<group>"; };
		E2D09BFD2BA916F3004CBD1B /* BlurEffect.swift */ = {isa = PBXFileReference; lastKnownFileType = sourcecode.swift; path = BlurEffect.swift; sourceTree = "<group>"; };
		E2D09C012BAA5FA5004CBD1B /* PlayerView.swift */ = {isa = PBXFileReference; lastKnownFileType = sourcecode.swift; path = PlayerView.swift; sourceTree = "<group>"; };
/* End PBXFileReference section */

/* Begin PBXFrameworksBuildPhase section */
		E2D09BCA2BA797E8004CBD1B /* Frameworks */ = {
			isa = PBXFrameworksBuildPhase;
			buildActionMask = 2147483647;
			files = (
			);
			runOnlyForDeploymentPostprocessing = 0;
		};
		E2D09BDD2BA797EB004CBD1B /* Frameworks */ = {
			isa = PBXFrameworksBuildPhase;
			buildActionMask = 2147483647;
			files = (
			);
			runOnlyForDeploymentPostprocessing = 0;
		};
		E2D09BE72BA797EB004CBD1B /* Frameworks */ = {
			isa = PBXFrameworksBuildPhase;
			buildActionMask = 2147483647;
			files = (
			);
			runOnlyForDeploymentPostprocessing = 0;
		};
/* End PBXFrameworksBuildPhase section */

/* Begin PBXGroup section */
		E2D09BC42BA797E8004CBD1B = {
			isa = PBXGroup;
			children = (
				E2D09BCF2BA797E9004CBD1B /* MusicApp */,
				E2D09BE32BA797EB004CBD1B /* MusicAppTests */,
				E2D09BED2BA797EB004CBD1B /* MusicAppUITests */,
				E2D09BCE2BA797E8004CBD1B /* Products */,
			);
			sourceTree = "<group>";
		};
		E2D09BCE2BA797E8004CBD1B /* Products */ = {
			isa = PBXGroup;
			children = (
				E2D09BCD2BA797E8004CBD1B /* MusicApp.app */,
				E2D09BE02BA797EB004CBD1B /* MusicAppTests.xctest */,
				E2D09BEA2BA797EB004CBD1B /* MusicAppUITests.xctest */,
			);
			name = Products;
			sourceTree = "<group>";
		};
		E2D09BCF2BA797E9004CBD1B /* MusicApp */ = {
			isa = PBXGroup;
			children = (
				E2D09BD02BA797E9004CBD1B /* MusicAppApp.swift */,
				E2D09BD22BA797E9004CBD1B /* ContentView.swift */,
				E2D09C012BAA5FA5004CBD1B /* PlayerView.swift */,
				E2D09BFD2BA916F3004CBD1B /* BlurEffect.swift */,
				E2D09BD42BA797E9004CBD1B /* Item.swift */,
				E2D09BD62BA797EA004CBD1B /* Assets.xcassets */,
				E2D09BD82BA797EA004CBD1B /* MusicApp.entitlements */,
				E2D09BD92BA797EA004CBD1B /* Preview Content */,
			);
			path = MusicApp;
			sourceTree = "<group>";
		};
		E2D09BD92BA797EA004CBD1B /* Preview Content */ = {
			isa = PBXGroup;
			children = (
				E2D09BDA2BA797EA004CBD1B /* Preview Assets.xcassets */,
			);
			path = "Preview Content";
			sourceTree = "<group>";
		};
		E2D09BE32BA797EB004CBD1B /* MusicAppTests */ = {
			isa = PBXGroup;
			children = (
				E2D09BE42BA797EB004CBD1B /* MusicAppTests.swift */,
			);
			path = MusicAppTests;
			sourceTree = "<group>";
		};
		E2D09BED2BA797EB004CBD1B /* MusicAppUITests */ = {
			isa = PBXGroup;
			children = (
				E2D09BEE2BA797EB004CBD1B /* MusicAppUITests.swift */,
				E2D09BF02BA797EB004CBD1B /* MusicAppUITestsLaunchTests.swift */,
			);
			path = MusicAppUITests;
			sourceTree = "<group>";
		};
/* End PBXGroup section */

/* Begin PBXNativeTarget section */
		E2D09BCC2BA797E8004CBD1B /* MusicApp */ = {
			isa = PBXNativeTarget;
			buildConfigurationList = E2D09BF42BA797EB004CBD1B /* Build configuration list for PBXNativeTarget "MusicApp" */;
			buildPhases = (
				E2D09BC92BA797E8004CBD1B /* Sources */,
				E2D09BCA2BA797E8004CBD1B /* Frameworks */,
				E2D09BCB2BA797E8004CBD1B /* Resources */,
			);
			buildRules = (
			);
			dependencies = (
			);
			name = MusicApp;
			productName = MusicApp;
			productReference = E2D09BCD2BA797E8004CBD1B /* MusicApp.app */;
			productType = "com.apple.product-type.application";
		};
		E2D09BDF2BA797EB004CBD1B /* MusicAppTests */ = {
			isa = PBXNativeTarget;
			buildConfigurationList = E2D09BF72BA797EB004CBD1B /* Build configuration list for PBXNativeTarget "MusicAppTests" */;
			buildPhases = (
				E2D09BDC2BA797EB004CBD1B /* Sources */,
				E2D09BDD2BA797EB004CBD1B /* Frameworks */,
				E2D09BDE2BA797EB004CBD1B /* Resources */,
			);
			buildRules = (
			);
			dependencies = (
				E2D09BE22BA797EB004CBD1B /* PBXTargetDependency */,
			);
			name = MusicAppTests;
			productName = MusicAppTests;
			productReference = E2D09BE02BA797EB004CBD1B /* MusicAppTests.xctest */;
			productType = "com.apple.product-type.bundle.unit-test";
		};
		E2D09BE92BA797EB004CBD1B /* MusicAppUITests */ = {
			isa = PBXNativeTarget;
			buildConfigurationList = E2D09BFA2BA797EB004CBD1B /* Build configuration list for PBXNativeTarget "MusicAppUITests" */;
			buildPhases = (
				E2D09BE62BA797EB004CBD1B /* Sources */,
				E2D09BE72BA797EB004CBD1B /* Frameworks */,
				E2D09BE82BA797EB004CBD1B /* Resources */,
			);
			buildRules = (
			);
			dependencies = (
				E2D09BEC2BA797EB004CBD1B /* PBXTargetDependency */,
			);
			name = MusicAppUITests;
			productName = MusicAppUITests;
			productReference = E2D09BEA2BA797EB004CBD1B /* MusicAppUITests.xctest */;
			productType = "com.apple.product-type.bundle.ui-testing";
		};
/* End PBXNativeTarget section */

/* Begin PBXProject section */
		E2D09BC52BA797E8004CBD1B /* Project object */ = {
			isa = PBXProject;
			attributes = {
				BuildIndependentTargetsInParallel = 1;
				LastSwiftUpdateCheck = 1530;
				LastUpgradeCheck = 1530;
				TargetAttributes = {
					E2D09BCC2BA797E8004CBD1B = {
						CreatedOnToolsVersion = 15.3;
					};
					E2D09BDF2BA797EB004CBD1B = {
						CreatedOnToolsVersion = 15.3;
						TestTargetID = E2D09BCC2BA797E8004CBD1B;
					};
					E2D09BE92BA797EB004CBD1B = {
						CreatedOnToolsVersion = 15.3;
						TestTargetID = E2D09BCC2BA797E8004CBD1B;
					};
				};
			};
			buildConfigurationList = E2D09BC82BA797E8004CBD1B /* Build configuration list for PBXProject "MusicApp" */;
			compatibilityVersion = "Xcode 14.0";
			developmentRegion = en;
			hasScannedForEncodings = 0;
			knownRegions = (
				en,
				Base,
			);
			mainGroup = E2D09BC42BA797E8004CBD1B;
			productRefGroup = E2D09BCE2BA797E8004CBD1B /* Products */;
			projectDirPath = "";
			projectRoot = "";
			targets = (
				E2D09BCC2BA797E8004CBD1B /* MusicApp */,
				E2D09BDF2BA797EB004CBD1B /* MusicAppTests */,
				E2D09BE92BA797EB004CBD1B /* MusicAppUITests */,
			);
		};
/* End PBXProject section */

/* Begin PBXResourcesBuildPhase section */
		E2D09BCB2BA797E8004CBD1B /* Resources */ = {
			isa = PBXResourcesBuildPhase;
			buildActionMask = 2147483647;
			files = (
				E2D09BDB2BA797EA004CBD1B /* Preview Assets.xcassets in Resources */,
				E2D09BD72BA797EA004CBD1B /* Assets.xcassets in Resources */,
			);
			runOnlyForDeploymentPostprocessing = 0;
		};
		E2D09BDE2BA797EB004CBD1B /* Resources */ = {
			isa = PBXResourcesBuildPhase;
			buildActionMask = 2147483647;
			files = (
			);
			runOnlyForDeploymentPostprocessing = 0;
		};
		E2D09BE82BA797EB004CBD1B /* Resources */ = {
			isa = PBXResourcesBuildPhase;
			buildActionMask = 2147483647;
			files = (
			);
			runOnlyForDeploymentPostprocessing = 0;
		};
/* End PBXResourcesBuildPhase section */

/* Begin PBXSourcesBuildPhase section */
		E2D09BC92BA797E8004CBD1B /* Sources */ = {
			isa = PBXSourcesBuildPhase;
			buildActionMask = 2147483647;
			files = (
				E2D09BD32BA797E9004CBD1B /* ContentView.swift in Sources */,
				E2D09BFE2BA916F3004CBD1B /* BlurEffect.swift in Sources */,
				E2D09BD52BA797E9004CBD1B /* Item.swift in Sources */,
				E2D09C022BAA5FA5004CBD1B /* PlayerView.swift in Sources */,
				E2D09BD12BA797E9004CBD1B /* MusicAppApp.swift in Sources */,
			);
			runOnlyForDeploymentPostprocessing = 0;
		};
		E2D09BDC2BA797EB004CBD1B /* Sources */ = {
			isa = PBXSourcesBuildPhase;
			buildActionMask = 2147483647;
			files = (
				E2D09BE52BA797EB004CBD1B /* MusicAppTests.swift in Sources */,
			);
			runOnlyForDeploymentPostprocessing = 0;
		};
		E2D09BE62BA797EB004CBD1B /* Sources */ = {
			isa = PBXSourcesBuildPhase;
			buildActionMask = 2147483647;
			files = (
				E2D09BF12BA797EB004CBD1B /* MusicAppUITestsLaunchTests.swift in Sources */,
				E2D09BEF2BA797EB004CBD1B /* MusicAppUITests.swift in Sources */,
			);
			runOnlyForDeploymentPostprocessing = 0;
		};
/* End PBXSourcesBuildPhase section */

/* Begin PBXTargetDependency section */
		E2D09BE22BA797EB004CBD1B /* PBXTargetDependency */ = {
			isa = PBXTargetDependency;
			target = E2D09BCC2BA797E8004CBD1B /* MusicApp */;
			targetProxy = E2D09BE12BA797EB004CBD1B /* PBXContainerItemProxy */;
		};
		E2D09BEC2BA797EB004CBD1B /* PBXTargetDependency */ = {
			isa = PBXTargetDependency;
			target = E2D09BCC2BA797E8004CBD1B /* MusicApp */;
			targetProxy = E2D09BEB2BA797EB004CBD1B /* PBXContainerItemProxy */;
		};
/* End PBXTargetDependency section */

/* Begin XCBuildConfiguration section */
		E2D09BF22BA797EB004CBD1B /* Debug */ = {
			isa = XCBuildConfiguration;
			buildSettings = {
				ALWAYS_SEARCH_USER_PATHS = NO;
				ASSETCATALOG_COMPILER_GENERATE_SWIFT_ASSET_SYMBOL_EXTENSIONS = YES;
				CLANG_ANALYZER_NONNULL = YES;
				CLANG_ANALYZER_NUMBER_OBJECT_CONVERSION = YES_AGGRESSIVE;
				CLANG_CXX_LANGUAGE_STANDARD = "gnu++20";
				CLANG_ENABLE_MODULES = YES;
				CLANG_ENABLE_OBJC_ARC = YES;
				CLANG_ENABLE_OBJC_WEAK = YES;
				CLANG_WARN_BLOCK_CAPTURE_AUTORELEASING = YES;
				CLANG_WARN_BOOL_CONVERSION = YES;
				CLANG_WARN_COMMA = YES;
				CLANG_WARN_CONSTANT_CONVERSION = YES;
				CLANG_WARN_DEPRECATED_OBJC_IMPLEMENTATIONS = YES;
				CLANG_WARN_DIRECT_OBJC_ISA_USAGE = YES_ERROR;
				CLANG_WARN_DOCUMENTATION_COMMENTS = YES;
				CLANG_WARN_EMPTY_BODY = YES;
				CLANG_WARN_ENUM_CONVERSION = YES;
				CLANG_WARN_INFINITE_RECURSION = YES;
				CLANG_WARN_INT_CONVERSION = YES;
				CLANG_WARN_NON_LITERAL_NULL_CONVERSION = YES;
				CLANG_WARN_OBJC_IMPLICIT_RETAIN_SELF = YES;
				CLANG_WARN_OBJC_LITERAL_CONVERSION = YES;
				CLANG_WARN_OBJC_ROOT_CLASS = YES_ERROR;
				CLANG_WARN_QUOTED_INCLUDE_IN_FRAMEWORK_HEADER = YES;
				CLANG_WARN_RANGE_LOOP_ANALYSIS = YES;
				CLANG_WARN_STRICT_PROTOTYPES = YES;
				CLANG_WARN_SUSPICIOUS_MOVE = YES;
				CLANG_WARN_UNGUARDED_AVAILABILITY = YES_AGGRESSIVE;
				CLANG_WARN_UNREACHABLE_CODE = YES;
				CLANG_WARN__DUPLICATE_METHOD_MATCH = YES;
				COPY_PHASE_STRIP = NO;
				DEBUG_INFORMATION_FORMAT = dwarf;
				ENABLE_STRICT_OBJC_MSGSEND = YES;
				ENABLE_TESTABILITY = YES;
				ENABLE_USER_SCRIPT_SANDBOXING = YES;
				GCC_C_LANGUAGE_STANDARD = gnu17;
				GCC_DYNAMIC_NO_PIC = NO;
				GCC_NO_COMMON_BLOCKS = YES;
				GCC_OPTIMIZATION_LEVEL = 0;
				GCC_PREPROCESSOR_DEFINITIONS = (
					"DEBUG=1",
					"$(inherited)",
				);
				GCC_WARN_64_TO_32_BIT_CONVERSION = YES;
				GCC_WARN_ABOUT_RETURN_TYPE = YES_ERROR;
				GCC_WARN_UNDECLARED_SELECTOR = YES;
				GCC_WARN_UNINITIALIZED_AUTOS = YES_AGGRESSIVE;
				GCC_WARN_UNUSED_FUNCTION = YES;
				GCC_WARN_UNUSED_VARIABLE = YES;
				LOCALIZATION_PREFERS_STRING_CATALOGS = YES;
				MTL_ENABLE_DEBUG_INFO = INCLUDE_SOURCE;
				MTL_FAST_MATH = YES;
				ONLY_ACTIVE_ARCH = YES;
				SWIFT_ACTIVE_COMPILATION_CONDITIONS = "DEBUG $(inherited)";
				SWIFT_OPTIMIZATION_LEVEL = "-Onone";
			};
			name = Debug;
		};
		E2D09BF32BA797EB004CBD1B /* Release */ = {
			isa = XCBuildConfiguration;
			buildSettings = {
				ALWAYS_SEARCH_USER_PATHS = NO;
				ASSETCATALOG_COMPILER_GENERATE_SWIFT_ASSET_SYMBOL_EXTENSIONS = YES;
				CLANG_ANALYZER_NONNULL = YES;
				CLANG_ANALYZER_NUMBER_OBJECT_CONVERSION = YES_AGGRESSIVE;
				CLANG_CXX_LANGUAGE_STANDARD = "gnu++20";
				CLANG_ENABLE_MODULES = YES;
				CLANG_ENABLE_OBJC_ARC = YES;
				CLANG_ENABLE_OBJC_WEAK = YES;
				CLANG_WARN_BLOCK_CAPTURE_AUTORELEASING = YES;
				CLANG_WARN_BOOL_CONVERSION = YES;
				CLANG_WARN_COMMA = YES;
				CLANG_WARN_CONSTANT_CONVERSION = YES;
				CLANG_WARN_DEPRECATED_OBJC_IMPLEMENTATIONS = YES;
				CLANG_WARN_DIRECT_OBJC_ISA_USAGE = YES_ERROR;
				CLANG_WARN_DOCUMENTATION_COMMENTS = YES;
				CLANG_WARN_EMPTY_BODY = YES;
				CLANG_WARN_ENUM_CONVERSION = YES;
				CLANG_WARN_INFINITE_RECURSION = YES;
				CLANG_WARN_INT_CONVERSION = YES;
				CLANG_WARN_NON_LITERAL_NULL_CONVERSION = YES;
				CLANG_WARN_OBJC_IMPLICIT_RETAIN_SELF = YES;
				CLANG_WARN_OBJC_LITERAL_CONVERSION = YES;
				CLANG_WARN_OBJC_ROOT_CLASS = YES_ERROR;
				CLANG_WARN_QUOTED_INCLUDE_IN_FRAMEWORK_HEADER = YES;
				CLANG_WARN_RANGE_LOOP_ANALYSIS = YES;
				CLANG_WARN_STRICT_PROTOTYPES = YES;
				CLANG_WARN_SUSPICIOUS_MOVE = YES;
				CLANG_WARN_UNGUARDED_AVAILABILITY = YES_AGGRESSIVE;
				CLANG_WARN_UNREACHABLE_CODE = YES;
				CLANG_WARN__DUPLICATE_METHOD_MATCH = YES;
				COPY_PHASE_STRIP = NO;
				DEBUG_INFORMATION_FORMAT = "dwarf-with-dsym";
				ENABLE_NS_ASSERTIONS = NO;
				ENABLE_STRICT_OBJC_MSGSEND = YES;
				ENABLE_USER_SCRIPT_SANDBOXING = YES;
				GCC_C_LANGUAGE_STANDARD = gnu17;
				GCC_NO_COMMON_BLOCKS = YES;
				GCC_WARN_64_TO_32_BIT_CONVERSION = YES;
				GCC_WARN_ABOUT_RETURN_TYPE = YES_ERROR;
				GCC_WARN_UNDECLARED_SELECTOR = YES;
				GCC_WARN_UNINITIALIZED_AUTOS = YES_AGGRESSIVE;
				GCC_WARN_UNUSED_FUNCTION = YES;
				GCC_WARN_UNUSED_VARIABLE = YES;
				LOCALIZATION_PREFERS_STRING_CATALOGS = YES;
				MTL_ENABLE_DEBUG_INFO = NO;
				MTL_FAST_MATH = YES;
				SWIFT_COMPILATION_MODE = wholemodule;
			};
			name = Release;
		};
		E2D09BF52BA797EB004CBD1B /* Debug */ = {
			isa = XCBuildConfiguration;
			buildSettings = {
				ASSETCATALOG_COMPILER_APPICON_NAME = AppIcon;
				ASSETCATALOG_COMPILER_GLOBAL_ACCENT_COLOR_NAME = AccentColor;
				CODE_SIGN_ENTITLEMENTS = MusicApp/MusicApp.entitlements;
				CODE_SIGN_STYLE = Automatic;
				CURRENT_PROJECT_VERSION = 1;
				DEVELOPMENT_ASSET_PATHS = "\"MusicApp/Preview Content\"";
				ENABLE_PREVIEWS = YES;
				GENERATE_INFOPLIST_FILE = YES;
				"INFOPLIST_KEY_UIApplicationSceneManifest_Generation[sdk=iphoneos*]" = YES;
				"INFOPLIST_KEY_UIApplicationSceneManifest_Generation[sdk=iphonesimulator*]" = YES;
				"INFOPLIST_KEY_UIApplicationSupportsIndirectInputEvents[sdk=iphoneos*]" = YES;
				"INFOPLIST_KEY_UIApplicationSupportsIndirectInputEvents[sdk=iphonesimulator*]" = YES;
				"INFOPLIST_KEY_UILaunchScreen_Generation[sdk=iphoneos*]" = YES;
				"INFOPLIST_KEY_UILaunchScreen_Generation[sdk=iphonesimulator*]" = YES;
				"INFOPLIST_KEY_UIStatusBarStyle[sdk=iphoneos*]" = UIStatusBarStyleDefault;
				"INFOPLIST_KEY_UIStatusBarStyle[sdk=iphonesimulator*]" = UIStatusBarStyleDefault;
				INFOPLIST_KEY_UISupportedInterfaceOrientations_iPad = "UIInterfaceOrientationPortrait UIInterfaceOrientationPortraitUpsideDown UIInterfaceOrientationLandscapeLeft UIInterfaceOrientationLandscapeRight";
				INFOPLIST_KEY_UISupportedInterfaceOrientations_iPhone = "UIInterfaceOrientationPortrait UIInterfaceOrientationLandscapeLeft UIInterfaceOrientationLandscapeRight";
				IPHONEOS_DEPLOYMENT_TARGET = 17.4;
				LD_RUNPATH_SEARCH_PATHS = "@executable_path/Frameworks";
				"LD_RUNPATH_SEARCH_PATHS[sdk=macosx*]" = "@executable_path/../Frameworks";
				MACOSX_DEPLOYMENT_TARGET = 14.0;
				MARKETING_VERSION = 1.0;
				PRODUCT_BUNDLE_IDENTIFIER = "Ella-personal-project.MusicApp";
				PRODUCT_NAME = "$(TARGET_NAME)";
				SDKROOT = auto;
				SUPPORTED_PLATFORMS = "iphoneos iphonesimulator macosx";
				SWIFT_EMIT_LOC_STRINGS = YES;
				SWIFT_VERSION = 5.0;
				TARGETED_DEVICE_FAMILY = "1,2";
			};
			name = Debug;
		};
		E2D09BF62BA797EB004CBD1B /* Release */ = {
			isa = XCBuildConfiguration;
			buildSettings = {
				ASSETCATALOG_COMPILER_APPICON_NAME = AppIcon;
				ASSETCATALOG_COMPILER_GLOBAL_ACCENT_COLOR_NAME = AccentColor;
				CODE_SIGN_ENTITLEMENTS = MusicApp/MusicApp.entitlements;
				CODE_SIGN_STYLE = Automatic;
				CURRENT_PROJECT_VERSION = 1;
				DEVELOPMENT_ASSET_PATHS = "\"MusicApp/Preview Content\"";
				ENABLE_PREVIEWS = YES;
				GENERATE_INFOPLIST_FILE = YES;
				"INFOPLIST_KEY_UIApplicationSceneManifest_Generation[sdk=iphoneos*]" = YES;
				"INFOPLIST_KEY_UIApplicationSceneManifest_Generation[sdk=iphonesimulator*]" = YES;
				"INFOPLIST_KEY_UIApplicationSupportsIndirectInputEvents[sdk=iphoneos*]" = YES;
				"INFOPLIST_KEY_UIApplicationSupportsIndirectInputEvents[sdk=iphonesimulator*]" = YES;
				"INFOPLIST_KEY_UILaunchScreen_Generation[sdk=iphoneos*]" = YES;
				"INFOPLIST_KEY_UILaunchScreen_Generation[sdk=iphonesimulator*]" = YES;
				"INFOPLIST_KEY_UIStatusBarStyle[sdk=iphoneos*]" = UIStatusBarStyleDefault;
				"INFOPLIST_KEY_UIStatusBarStyle[sdk=iphonesimulator*]" = UIStatusBarStyleDefault;
				INFOPLIST_KEY_UISupportedInterfaceOrientations_iPad = "UIInterfaceOrientationPortrait UIInterfaceOrientationPortraitUpsideDown UIInterfaceOrientationLandscapeLeft UIInterfaceOrientationLandscapeRight";
				INFOPLIST_KEY_UISupportedInterfaceOrientations_iPhone = "UIInterfaceOrientationPortrait UIInterfaceOrientationLandscapeLeft UIInterfaceOrientationLandscapeRight";
				IPHONEOS_DEPLOYMENT_TARGET = 17.4;
				LD_RUNPATH_SEARCH_PATHS = "@executable_path/Frameworks";
				"LD_RUNPATH_SEARCH_PATHS[sdk=macosx*]" = "@executable_path/../Frameworks";
				MACOSX_DEPLOYMENT_TARGET = 14.0;
				MARKETING_VERSION = 1.0;
				PRODUCT_BUNDLE_IDENTIFIER = "Ella-personal-project.MusicApp";
				PRODUCT_NAME = "$(TARGET_NAME)";
				SDKROOT = auto;
				SUPPORTED_PLATFORMS = "iphoneos iphonesimulator macosx";
				SWIFT_EMIT_LOC_STRINGS = YES;
				SWIFT_VERSION = 5.0;
				TARGETED_DEVICE_FAMILY = "1,2";
			};
			name = Release;
		};
		E2D09BF82BA797EB004CBD1B /* Debug */ = {
			isa = XCBuildConfiguration;
			buildSettings = {
				ALWAYS_EMBED_SWIFT_STANDARD_LIBRARIES = YES;
				BUNDLE_LOADER = "$(TEST_HOST)";
				CODE_SIGN_STYLE = Automatic;
				CURRENT_PROJECT_VERSION = 1;
				GENERATE_INFOPLIST_FILE = YES;
				IPHONEOS_DEPLOYMENT_TARGET = 17.4;
				MACOSX_DEPLOYMENT_TARGET = 14.1;
				MARKETING_VERSION = 1.0;
				PRODUCT_BUNDLE_IDENTIFIER = "Ella-personal-project.MusicAppTests";
				PRODUCT_NAME = "$(TARGET_NAME)";
				SDKROOT = auto;
				SUPPORTED_PLATFORMS = "iphoneos iphonesimulator macosx";
				SWIFT_EMIT_LOC_STRINGS = NO;
				SWIFT_VERSION = 5.0;
				TARGETED_DEVICE_FAMILY = "1,2";
				TEST_HOST = "$(BUILT_PRODUCTS_DIR)/MusicApp.app/$(BUNDLE_EXECUTABLE_FOLDER_PATH)/MusicApp";
			};
			name = Debug;
		};
		E2D09BF92BA797EB004CBD1B /* Release */ = {
			isa = XCBuildConfiguration;
			buildSettings = {
				ALWAYS_EMBED_SWIFT_STANDARD_LIBRARIES = YES;
				BUNDLE_LOADER = "$(TEST_HOST)";
				CODE_SIGN_STYLE = Automatic;
				CURRENT_PROJECT_VERSION = 1;
				GENERATE_INFOPLIST_FILE = YES;
				IPHONEOS_DEPLOYMENT_TARGET = 17.4;
				MACOSX_DEPLOYMENT_TARGET = 14.1;
				MARKETING_VERSION = 1.0;
				PRODUCT_BUNDLE_IDENTIFIER = "Ella-personal-project.MusicAppTests";
				PRODUCT_NAME = "$(TARGET_NAME)";
				SDKROOT = auto;
				SUPPORTED_PLATFORMS = "iphoneos iphonesimulator macosx";
				SWIFT_EMIT_LOC_STRINGS = NO;
				SWIFT_VERSION = 5.0;
				TARGETED_DEVICE_FAMILY = "1,2";
				TEST_HOST = "$(BUILT_PRODUCTS_DIR)/MusicApp.app/$(BUNDLE_EXECUTABLE_FOLDER_PATH)/MusicApp";
			};
			name = Release;
		};
		E2D09BFB2BA797EB004CBD1B /* Debug */ = {
			isa = XCBuildConfiguration;
			buildSettings = {
				ALWAYS_EMBED_SWIFT_STANDARD_LIBRARIES = YES;
				CODE_SIGN_STYLE = Automatic;
				CURRENT_PROJECT_VERSION = 1;
				GENERATE_INFOPLIST_FILE = YES;
				IPHONEOS_DEPLOYMENT_TARGET = 17.4;
				MACOSX_DEPLOYMENT_TARGET = 14.1;
				MARKETING_VERSION = 1.0;
				PRODUCT_BUNDLE_IDENTIFIER = "Ella-personal-project.MusicAppUITests";
				PRODUCT_NAME = "$(TARGET_NAME)";
				SDKROOT = auto;
				SUPPORTED_PLATFORMS = "iphoneos iphonesimulator macosx";
				SWIFT_EMIT_LOC_STRINGS = NO;
				SWIFT_VERSION = 5.0;
				TARGETED_DEVICE_FAMILY = "1,2";
				TEST_TARGET_NAME = MusicApp;
			};
			name = Debug;
		};
		E2D09BFC2BA797EB004CBD1B /* Release */ = {
			isa = XCBuildConfiguration;
			buildSettings = {
				ALWAYS_EMBED_SWIFT_STANDARD_LIBRARIES = YES;
				CODE_SIGN_STYLE = Automatic;
				CURRENT_PROJECT_VERSION = 1;
				GENERATE_INFOPLIST_FILE = YES;
				IPHONEOS_DEPLOYMENT_TARGET = 17.4;
				MACOSX_DEPLOYMENT_TARGET = 14.1;
				MARKETING_VERSION = 1.0;
				PRODUCT_BUNDLE_IDENTIFIER = "Ella-personal-project.MusicAppUITests";
				PRODUCT_NAME = "$(TARGET_NAME)";
				SDKROOT = auto;
				SUPPORTED_PLATFORMS = "iphoneos iphonesimulator macosx";
				SWIFT_EMIT_LOC_STRINGS = NO;
				SWIFT_VERSION = 5.0;
				TARGETED_DEVICE_FAMILY = "1,2";
				TEST_TARGET_NAME = MusicApp;
			};
			name = Release;
		};
/* End XCBuildConfiguration section */

/* Begin XCConfigurationList section */
		E2D09BC82BA797E8004CBD1B /* Build configuration list for PBXProject "MusicApp" */ = {
			isa = XCConfigurationList;
			buildConfigurations = (
				E2D09BF22BA797EB004CBD1B /* Debug */,
				E2D09BF32BA797EB004CBD1B /* Release */,
			);
			defaultConfigurationIsVisible = 0;
			defaultConfigurationName = Release;
		};
		E2D09BF42BA797EB004CBD1B /* Build configuration list for PBXNativeTarget "MusicApp" */ = {
			isa = XCConfigurationList;
			buildConfigurations = (
				E2D09BF52BA797EB004CBD1B /* Debug */,
				E2D09BF62BA797EB004CBD1B /* Release */,
			);
			defaultConfigurationIsVisible = 0;
			defaultConfigurationName = Release;
		};
		E2D09BF72BA797EB004CBD1B /* Build configuration list for PBXNativeTarget "MusicAppTests" */ = {
			isa = XCConfigurationList;
			buildConfigurations = (
				E2D09BF82BA797EB004CBD1B /* Debug */,
				E2D09BF92BA797EB004CBD1B /* Release */,
			);
			defaultConfigurationIsVisible = 0;
			defaultConfigurationName = Release;
		};
		E2D09BFA2BA797EB004CBD1B /* Build configuration list for PBXNativeTarget "MusicAppUITests" */ = {
			isa = XCConfigurationList;
			buildConfigurations = (
				E2D09BFB2BA797EB004CBD1B /* Debug */,
				E2D09BFC2BA797EB004CBD1B /* Release */,
			);
			defaultConfigurationIsVisible = 0;
			defaultConfigurationName = Release;
		};
/* End XCConfigurationList section */
	};
	rootObject = E2D09BC52BA797E8004CBD1B /* Project object */;
}
